// !$*UTF8*$!
{
	archiveVersion = 1;
	classes = {
	};
	objectVersion = 56;
	objects = {

/* Begin PBXBuildFile section */
		F48BF9C32A380EEE009D16B6 /* Constants.swift in Sources */ = {isa = PBXBuildFile; fileRef = F48BF9C22A380EEE009D16B6 /* Constants.swift */; };
		F48BF9C52A381A14009D16B6 /* HeaderCellViewModelTests.swift in Sources */ = {isa = PBXBuildFile; fileRef = F48BF9C42A381A14009D16B6 /* HeaderCellViewModelTests.swift */; };
		F48BF9C72A381AD3009D16B6 /* StoryInfosCellViewModelTests.swift in Sources */ = {isa = PBXBuildFile; fileRef = F48BF9C62A381AD3009D16B6 /* StoryInfosCellViewModelTests.swift */; };
		F48BF9C92A381B29009D16B6 /* StoryContentCellViewModelTests.swift in Sources */ = {isa = PBXBuildFile; fileRef = F48BF9C82A381B29009D16B6 /* StoryContentCellViewModelTests.swift */; };
		F4E5F7CE2A37EE7600509EE6 /* AppDelegate.swift in Sources */ = {isa = PBXBuildFile; fileRef = F4E5F7CD2A37EE7600509EE6 /* AppDelegate.swift */; };
		F4E5F7D02A37EE7600509EE6 /* SceneDelegate.swift in Sources */ = {isa = PBXBuildFile; fileRef = F4E5F7CF2A37EE7600509EE6 /* SceneDelegate.swift */; };
		F4E5F7D22A37EE7600509EE6 /* HomeViewController.swift in Sources */ = {isa = PBXBuildFile; fileRef = F4E5F7D12A37EE7600509EE6 /* HomeViewController.swift */; };
		F4E5F7D72A37EE7900509EE6 /* Assets.xcassets in Resources */ = {isa = PBXBuildFile; fileRef = F4E5F7D62A37EE7900509EE6 /* Assets.xcassets */; };
		F4E5F7DA2A37EE7900509EE6 /* LaunchScreen.storyboard in Resources */ = {isa = PBXBuildFile; fileRef = F4E5F7D82A37EE7900509EE6 /* LaunchScreen.storyboard */; };
		F4E5F7E52A37EE7A00509EE6 /* ContentItemCardCellViewModelTests.swift in Sources */ = {isa = PBXBuildFile; fileRef = F4E5F7E42A37EE7A00509EE6 /* ContentItemCardCellViewModelTests.swift */; };
		F4E5F7EF2A37EE7A00509EE6 /* EurosportTestUITests.swift in Sources */ = {isa = PBXBuildFile; fileRef = F4E5F7EE2A37EE7A00509EE6 /* EurosportTestUITests.swift */; };
		F4E5F7F12A37EE7A00509EE6 /* EurosportTestUITestsLaunchTests.swift in Sources */ = {isa = PBXBuildFile; fileRef = F4E5F7F02A37EE7A00509EE6 /* EurosportTestUITestsLaunchTests.swift */; };
		F4E5F7FF2A37F29600509EE6 /* StoryViewController.swift in Sources */ = {isa = PBXBuildFile; fileRef = F4E5F7FE2A37F29500509EE6 /* StoryViewController.swift */; };
		F4E5F8012A37F30200509EE6 /* HomeViewModel.swift in Sources */ = {isa = PBXBuildFile; fileRef = F4E5F8002A37F30200509EE6 /* HomeViewModel.swift */; };
		F4E5F8042A37F40000509EE6 /* EurosportKit in Frameworks */ = {isa = PBXBuildFile; productRef = F4E5F8032A37F40000509EE6 /* EurosportKit */; };
		F4E5F8062A37F5B000509EE6 /* ContentItemCardCellViewModel.swift in Sources */ = {isa = PBXBuildFile; fileRef = F4E5F8052A37F5B000509EE6 /* ContentItemCardCellViewModel.swift */; };
		F4E5F8082A37F5B500509EE6 /* ContentItemCardCell.swift in Sources */ = {isa = PBXBuildFile; fileRef = F4E5F8072A37F5B500509EE6 /* ContentItemCardCell.swift */; };
		F4E5F80C2A38032400509EE6 /* StoryViewModel.swift in Sources */ = {isa = PBXBuildFile; fileRef = F4E5F80B2A38032400509EE6 /* StoryViewModel.swift */; };
		F4E5F8122A38045700509EE6 /* HeaderCell.swift in Sources */ = {isa = PBXBuildFile; fileRef = F4E5F8112A38045700509EE6 /* HeaderCell.swift */; };
		F4E5F8142A38045E00509EE6 /* HeaderCellViewModel.swift in Sources */ = {isa = PBXBuildFile; fileRef = F4E5F8132A38045E00509EE6 /* HeaderCellViewModel.swift */; };
		F4E5F8162A38046500509EE6 /* StoryInfosCell.swift in Sources */ = {isa = PBXBuildFile; fileRef = F4E5F8152A38046500509EE6 /* StoryInfosCell.swift */; };
		F4E5F8182A38046A00509EE6 /* StoryInfosCellViewModel.swift in Sources */ = {isa = PBXBuildFile; fileRef = F4E5F8172A38046A00509EE6 /* StoryInfosCellViewModel.swift */; };
		F4E5F81A2A38046F00509EE6 /* StoryContentCell.swift in Sources */ = {isa = PBXBuildFile; fileRef = F4E5F8192A38046F00509EE6 /* StoryContentCell.swift */; };
		F4E5F81C2A38047500509EE6 /* StoryContentCellViewModel.swift in Sources */ = {isa = PBXBuildFile; fileRef = F4E5F81B2A38047500509EE6 /* StoryContentCellViewModel.swift */; };
/* End PBXBuildFile section */

/* Begin PBXContainerItemProxy section */
		F4E5F7E12A37EE7A00509EE6 /* PBXContainerItemProxy */ = {
			isa = PBXContainerItemProxy;
			containerPortal = F4E5F7C22A37EE7600509EE6 /* Project object */;
			proxyType = 1;
			remoteGlobalIDString = F4E5F7C92A37EE7600509EE6;
			remoteInfo = EurosportTest;
		};
		F4E5F7EB2A37EE7A00509EE6 /* PBXContainerItemProxy */ = {
			isa = PBXContainerItemProxy;
			containerPortal = F4E5F7C22A37EE7600509EE6 /* Project object */;
			proxyType = 1;
			remoteGlobalIDString = F4E5F7C92A37EE7600509EE6;
			remoteInfo = EurosportTest;
		};
/* End PBXContainerItemProxy section */

/* Begin PBXFileReference section */
		F48BF9C22A380EEE009D16B6 /* Constants.swift */ = {isa = PBXFileReference; lastKnownFileType = sourcecode.swift; path = Constants.swift; sourceTree = "<group>"; };
		F48BF9C42A381A14009D16B6 /* HeaderCellViewModelTests.swift */ = {isa = PBXFileReference; lastKnownFileType = sourcecode.swift; path = HeaderCellViewModelTests.swift; sourceTree = "<group>"; };
		F48BF9C62A381AD3009D16B6 /* StoryInfosCellViewModelTests.swift */ = {isa = PBXFileReference; lastKnownFileType = sourcecode.swift; path = StoryInfosCellViewModelTests.swift; sourceTree = "<group>"; };
		F48BF9C82A381B29009D16B6 /* StoryContentCellViewModelTests.swift */ = {isa = PBXFileReference; lastKnownFileType = sourcecode.swift; path = StoryContentCellViewModelTests.swift; sourceTree = "<group>"; };
		F4E5F7CA2A37EE7600509EE6 /* EurosportTest.app */ = {isa = PBXFileReference; explicitFileType = wrapper.application; includeInIndex = 0; path = EurosportTest.app; sourceTree = BUILT_PRODUCTS_DIR; };
		F4E5F7CD2A37EE7600509EE6 /* AppDelegate.swift */ = {isa = PBXFileReference; lastKnownFileType = sourcecode.swift; path = AppDelegate.swift; sourceTree = "<group>"; };
		F4E5F7CF2A37EE7600509EE6 /* SceneDelegate.swift */ = {isa = PBXFileReference; lastKnownFileType = sourcecode.swift; path = SceneDelegate.swift; sourceTree = "<group>"; };
		F4E5F7D12A37EE7600509EE6 /* HomeViewController.swift */ = {isa = PBXFileReference; lastKnownFileType = sourcecode.swift; path = HomeViewController.swift; sourceTree = "<group>"; };
		F4E5F7D62A37EE7900509EE6 /* Assets.xcassets */ = {isa = PBXFileReference; lastKnownFileType = folder.assetcatalog; path = Assets.xcassets; sourceTree = "<group>"; };
		F4E5F7D92A37EE7900509EE6 /* Base */ = {isa = PBXFileReference; lastKnownFileType = file.storyboard; name = Base; path = Base.lproj/LaunchScreen.storyboard; sourceTree = "<group>"; };
		F4E5F7DB2A37EE7A00509EE6 /* Info.plist */ = {isa = PBXFileReference; lastKnownFileType = text.plist.xml; path = Info.plist; sourceTree = "<group>"; };
		F4E5F7E02A37EE7A00509EE6 /* EurosportTestTests.xctest */ = {isa = PBXFileReference; explicitFileType = wrapper.cfbundle; includeInIndex = 0; path = EurosportTestTests.xctest; sourceTree = BUILT_PRODUCTS_DIR; };
		F4E5F7E42A37EE7A00509EE6 /* ContentItemCardCellViewModelTests.swift */ = {isa = PBXFileReference; lastKnownFileType = sourcecode.swift; path = ContentItemCardCellViewModelTests.swift; sourceTree = "<group>"; };
		F4E5F7EA2A37EE7A00509EE6 /* EurosportTestUITests.xctest */ = {isa = PBXFileReference; explicitFileType = wrapper.cfbundle; includeInIndex = 0; path = EurosportTestUITests.xctest; sourceTree = BUILT_PRODUCTS_DIR; };
		F4E5F7EE2A37EE7A00509EE6 /* EurosportTestUITests.swift */ = {isa = PBXFileReference; lastKnownFileType = sourcecode.swift; path = EurosportTestUITests.swift; sourceTree = "<group>"; };
		F4E5F7F02A37EE7A00509EE6 /* EurosportTestUITestsLaunchTests.swift */ = {isa = PBXFileReference; lastKnownFileType = sourcecode.swift; path = EurosportTestUITestsLaunchTests.swift; sourceTree = "<group>"; };
		F4E5F7FD2A37EEA800509EE6 /* EurosportKit */ = {isa = PBXFileReference; lastKnownFileType = wrapper; path = EurosportKit; sourceTree = "<group>"; };
		F4E5F7FE2A37F29500509EE6 /* StoryViewController.swift */ = {isa = PBXFileReference; lastKnownFileType = sourcecode.swift; path = StoryViewController.swift; sourceTree = "<group>"; };
		F4E5F8002A37F30200509EE6 /* HomeViewModel.swift */ = {isa = PBXFileReference; lastKnownFileType = sourcecode.swift; path = HomeViewModel.swift; sourceTree = "<group>"; };
		F4E5F8052A37F5B000509EE6 /* ContentItemCardCellViewModel.swift */ = {isa = PBXFileReference; lastKnownFileType = sourcecode.swift; path = ContentItemCardCellViewModel.swift; sourceTree = "<group>"; };
		F4E5F8072A37F5B500509EE6 /* ContentItemCardCell.swift */ = {isa = PBXFileReference; lastKnownFileType = sourcecode.swift; path = ContentItemCardCell.swift; sourceTree = "<group>"; };
		F4E5F80B2A38032400509EE6 /* StoryViewModel.swift */ = {isa = PBXFileReference; lastKnownFileType = sourcecode.swift; path = StoryViewModel.swift; sourceTree = "<group>"; };
		F4E5F8112A38045700509EE6 /* HeaderCell.swift */ = {isa = PBXFileReference; lastKnownFileType = sourcecode.swift; path = HeaderCell.swift; sourceTree = "<group>"; };
		F4E5F8132A38045E00509EE6 /* HeaderCellViewModel.swift */ = {isa = PBXFileReference; lastKnownFileType = sourcecode.swift; path = HeaderCellViewModel.swift; sourceTree = "<group>"; };
		F4E5F8152A38046500509EE6 /* StoryInfosCell.swift */ = {isa = PBXFileReference; lastKnownFileType = sourcecode.swift; path = StoryInfosCell.swift; sourceTree = "<group>"; };
		F4E5F8172A38046A00509EE6 /* StoryInfosCellViewModel.swift */ = {isa = PBXFileReference; lastKnownFileType = sourcecode.swift; path = StoryInfosCellViewModel.swift; sourceTree = "<group>"; };
		F4E5F8192A38046F00509EE6 /* StoryContentCell.swift */ = {isa = PBXFileReference; lastKnownFileType = sourcecode.swift; path = StoryContentCell.swift; sourceTree = "<group>"; };
		F4E5F81B2A38047500509EE6 /* StoryContentCellViewModel.swift */ = {isa = PBXFileReference; lastKnownFileType = sourcecode.swift; path = StoryContentCellViewModel.swift; sourceTree = "<group>"; };
/* End PBXFileReference section */

/* Begin PBXFrameworksBuildPhase section */
		F4E5F7C72A37EE7600509EE6 /* Frameworks */ = {
			isa = PBXFrameworksBuildPhase;
			buildActionMask = 2147483647;
			files = (
				F4E5F8042A37F40000509EE6 /* EurosportKit in Frameworks */,
			);
			runOnlyForDeploymentPostprocessing = 0;
		};
		F4E5F7DD2A37EE7A00509EE6 /* Frameworks */ = {
			isa = PBXFrameworksBuildPhase;
			buildActionMask = 2147483647;
			files = (
			);
			runOnlyForDeploymentPostprocessing = 0;
		};
		F4E5F7E72A37EE7A00509EE6 /* Frameworks */ = {
			isa = PBXFrameworksBuildPhase;
			buildActionMask = 2147483647;
			files = (
			);
			runOnlyForDeploymentPostprocessing = 0;
		};
/* End PBXFrameworksBuildPhase section */

/* Begin PBXGroup section */
		F48BF9BD2A380804009D16B6 /* HomeViewController */ = {
			isa = PBXGroup;
			children = (
				F4E5F7D12A37EE7600509EE6 /* HomeViewController.swift */,
				F4E5F8002A37F30200509EE6 /* HomeViewModel.swift */,
			);
			path = HomeViewController;
			sourceTree = "<group>";
		};
		F48BF9BE2A38081B009D16B6 /* StoryViewController */ = {
			isa = PBXGroup;
			children = (
				F4E5F7FE2A37F29500509EE6 /* StoryViewController.swift */,
				F4E5F80B2A38032400509EE6 /* StoryViewModel.swift */,
			);
			path = StoryViewController;
			sourceTree = "<group>";
		};
		F48BF9BF2A380823009D16B6 /* Cells */ = {
			isa = PBXGroup;
			children = (
				F4E5F8102A38044500509EE6 /* StoryContentCell */,
				F4E5F80F2A38042A00509EE6 /* StoryInfosCell */,
				F4E5F80E2A38041900509EE6 /* HeaderCell */,
			);
			path = Cells;
			sourceTree = "<group>";
		};
		F48BF9C02A38082A009D16B6 /* Cells */ = {
			isa = PBXGroup;
			children = (
				F4E5F80D2A3803E200509EE6 /* ContentItemCardCell */,
			);
			path = Cells;
			sourceTree = "<group>";
		};
		F48BF9C12A380EE2009D16B6 /* Miscelaneous */ = {
			isa = PBXGroup;
			children = (
				F48BF9C22A380EEE009D16B6 /* Constants.swift */,
			);
			path = Miscelaneous;
			sourceTree = "<group>";
		};
		F4E5F7C12A37EE7600509EE6 = {
			isa = PBXGroup;
			children = (
				F4E5F7FD2A37EEA800509EE6 /* EurosportKit */,
				F4E5F7CC2A37EE7600509EE6 /* EurosportTest */,
				F4E5F7E32A37EE7A00509EE6 /* EurosportTestTests */,
				F4E5F7ED2A37EE7A00509EE6 /* EurosportTestUITests */,
				F4E5F7CB2A37EE7600509EE6 /* Products */,
				F4E5F8022A37F40000509EE6 /* Frameworks */,
			);
			sourceTree = "<group>";
		};
		F4E5F7CB2A37EE7600509EE6 /* Products */ = {
			isa = PBXGroup;
			children = (
				F4E5F7CA2A37EE7600509EE6 /* EurosportTest.app */,
				F4E5F7E02A37EE7A00509EE6 /* EurosportTestTests.xctest */,
				F4E5F7EA2A37EE7A00509EE6 /* EurosportTestUITests.xctest */,
			);
			name = Products;
			sourceTree = "<group>";
		};
		F4E5F7CC2A37EE7600509EE6 /* EurosportTest */ = {
			isa = PBXGroup;
			children = (
				F4E5F7CD2A37EE7600509EE6 /* AppDelegate.swift */,
				F4E5F7CF2A37EE7600509EE6 /* SceneDelegate.swift */,
				F48BF9C12A380EE2009D16B6 /* Miscelaneous */,
				F4E5F80A2A3802C600509EE6 /* StoryReaderFeature */,
				F4E5F8092A38029000509EE6 /* HomePageFeature */,
				F4E5F7D62A37EE7900509EE6 /* Assets.xcassets */,
				F4E5F7D82A37EE7900509EE6 /* LaunchScreen.storyboard */,
				F4E5F7DB2A37EE7A00509EE6 /* Info.plist */,
			);
			path = EurosportTest;
			sourceTree = "<group>";
		};
		F4E5F7E32A37EE7A00509EE6 /* EurosportTestTests */ = {
			isa = PBXGroup;
			children = (
				F4E5F7E42A37EE7A00509EE6 /* ContentItemCardCellViewModelTests.swift */,
				F48BF9C42A381A14009D16B6 /* HeaderCellViewModelTests.swift */,
				F48BF9C62A381AD3009D16B6 /* StoryInfosCellViewModelTests.swift */,
				F48BF9C82A381B29009D16B6 /* StoryContentCellViewModelTests.swift */,
			);
			path = EurosportTestTests;
			sourceTree = "<group>";
		};
		F4E5F7ED2A37EE7A00509EE6 /* EurosportTestUITests */ = {
			isa = PBXGroup;
			children = (
				F4E5F7EE2A37EE7A00509EE6 /* EurosportTestUITests.swift */,
				F4E5F7F02A37EE7A00509EE6 /* EurosportTestUITestsLaunchTests.swift */,
			);
			path = EurosportTestUITests;
			sourceTree = "<group>";
		};
		F4E5F8022A37F40000509EE6 /* Frameworks */ = {
			isa = PBXGroup;
			children = (
			);
			name = Frameworks;
			sourceTree = "<group>";
		};
		F4E5F8092A38029000509EE6 /* HomePageFeature */ = {
			isa = PBXGroup;
			children = (
				F48BF9C02A38082A009D16B6 /* Cells */,
				F48BF9BD2A380804009D16B6 /* HomeViewController */,
			);
			path = HomePageFeature;
			sourceTree = "<group>";
		};
		F4E5F80A2A3802C600509EE6 /* StoryReaderFeature */ = {
			isa = PBXGroup;
			children = (
				F48BF9BF2A380823009D16B6 /* Cells */,
				F48BF9BE2A38081B009D16B6 /* StoryViewController */,
			);
			path = StoryReaderFeature;
			sourceTree = "<group>";
		};
		F4E5F80D2A3803E200509EE6 /* ContentItemCardCell */ = {
			isa = PBXGroup;
			children = (
				F4E5F8052A37F5B000509EE6 /* ContentItemCardCellViewModel.swift */,
				F4E5F8072A37F5B500509EE6 /* ContentItemCardCell.swift */,
			);
			path = ContentItemCardCell;
			sourceTree = "<group>";
		};
		F4E5F80E2A38041900509EE6 /* HeaderCell */ = {
			isa = PBXGroup;
			children = (
				F4E5F8112A38045700509EE6 /* HeaderCell.swift */,
				F4E5F8132A38045E00509EE6 /* HeaderCellViewModel.swift */,
			);
			path = HeaderCell;
			sourceTree = "<group>";
		};
		F4E5F80F2A38042A00509EE6 /* StoryInfosCell */ = {
			isa = PBXGroup;
			children = (
				F4E5F8152A38046500509EE6 /* StoryInfosCell.swift */,
				F4E5F8172A38046A00509EE6 /* StoryInfosCellViewModel.swift */,
			);
			path = StoryInfosCell;
			sourceTree = "<group>";
		};
		F4E5F8102A38044500509EE6 /* StoryContentCell */ = {
			isa = PBXGroup;
			children = (
				F4E5F8192A38046F00509EE6 /* StoryContentCell.swift */,
				F4E5F81B2A38047500509EE6 /* StoryContentCellViewModel.swift */,
			);
			path = StoryContentCell;
			sourceTree = "<group>";
		};
/* End PBXGroup section */

/* Begin PBXNativeTarget section */
		F4E5F7C92A37EE7600509EE6 /* EurosportTest */ = {
			isa = PBXNativeTarget;
			buildConfigurationList = F4E5F7F42A37EE7A00509EE6 /* Build configuration list for PBXNativeTarget "EurosportTest" */;
			buildPhases = (
				F4E5F7C62A37EE7600509EE6 /* Sources */,
				F4E5F7C72A37EE7600509EE6 /* Frameworks */,
				F4E5F7C82A37EE7600509EE6 /* Resources */,
			);
			buildRules = (
			);
			dependencies = (
			);
			name = EurosportTest;
			packageProductDependencies = (
				F4E5F8032A37F40000509EE6 /* EurosportKit */,
			);
			productName = EurosportTest;
			productReference = F4E5F7CA2A37EE7600509EE6 /* EurosportTest.app */;
			productType = "com.apple.product-type.application";
		};
		F4E5F7DF2A37EE7A00509EE6 /* EurosportTestTests */ = {
			isa = PBXNativeTarget;
			buildConfigurationList = F4E5F7F72A37EE7A00509EE6 /* Build configuration list for PBXNativeTarget "EurosportTestTests" */;
			buildPhases = (
				F4E5F7DC2A37EE7A00509EE6 /* Sources */,
				F4E5F7DD2A37EE7A00509EE6 /* Frameworks */,
				F4E5F7DE2A37EE7A00509EE6 /* Resources */,
			);
			buildRules = (
			);
			dependencies = (
				F4E5F7E22A37EE7A00509EE6 /* PBXTargetDependency */,
			);
			name = EurosportTestTests;
			productName = EurosportTestTests;
			productReference = F4E5F7E02A37EE7A00509EE6 /* EurosportTestTests.xctest */;
			productType = "com.apple.product-type.bundle.unit-test";
		};
		F4E5F7E92A37EE7A00509EE6 /* EurosportTestUITests */ = {
			isa = PBXNativeTarget;
			buildConfigurationList = F4E5F7FA2A37EE7A00509EE6 /* Build configuration list for PBXNativeTarget "EurosportTestUITests" */;
			buildPhases = (
				F4E5F7E62A37EE7A00509EE6 /* Sources */,
				F4E5F7E72A37EE7A00509EE6 /* Frameworks */,
				F4E5F7E82A37EE7A00509EE6 /* Resources */,
			);
			buildRules = (
			);
			dependencies = (
				F4E5F7EC2A37EE7A00509EE6 /* PBXTargetDependency */,
			);
			name = EurosportTestUITests;
			productName = EurosportTestUITests;
			productReference = F4E5F7EA2A37EE7A00509EE6 /* EurosportTestUITests.xctest */;
			productType = "com.apple.product-type.bundle.ui-testing";
		};
/* End PBXNativeTarget section */

/* Begin PBXProject section */
		F4E5F7C22A37EE7600509EE6 /* Project object */ = {
			isa = PBXProject;
			attributes = {
				BuildIndependentTargetsInParallel = 1;
				LastSwiftUpdateCheck = 1430;
				LastUpgradeCheck = 1430;
				TargetAttributes = {
					F4E5F7C92A37EE7600509EE6 = {
						CreatedOnToolsVersion = 14.3.1;
					};
					F4E5F7DF2A37EE7A00509EE6 = {
						CreatedOnToolsVersion = 14.3.1;
						TestTargetID = F4E5F7C92A37EE7600509EE6;
					};
					F4E5F7E92A37EE7A00509EE6 = {
						CreatedOnToolsVersion = 14.3.1;
						TestTargetID = F4E5F7C92A37EE7600509EE6;
					};
				};
			};
			buildConfigurationList = F4E5F7C52A37EE7600509EE6 /* Build configuration list for PBXProject "EurosportTest" */;
			compatibilityVersion = "Xcode 14.0";
			developmentRegion = en;
			hasScannedForEncodings = 0;
			knownRegions = (
				en,
				Base,
			);
			mainGroup = F4E5F7C12A37EE7600509EE6;
			productRefGroup = F4E5F7CB2A37EE7600509EE6 /* Products */;
			projectDirPath = "";
			projectRoot = "";
			targets = (
				F4E5F7C92A37EE7600509EE6 /* EurosportTest */,
				F4E5F7DF2A37EE7A00509EE6 /* EurosportTestTests */,
				F4E5F7E92A37EE7A00509EE6 /* EurosportTestUITests */,
			);
		};
/* End PBXProject section */

/* Begin PBXResourcesBuildPhase section */
		F4E5F7C82A37EE7600509EE6 /* Resources */ = {
			isa = PBXResourcesBuildPhase;
			buildActionMask = 2147483647;
			files = (
				F4E5F7DA2A37EE7900509EE6 /* LaunchScreen.storyboard in Resources */,
				F4E5F7D72A37EE7900509EE6 /* Assets.xcassets in Resources */,
			);
			runOnlyForDeploymentPostprocessing = 0;
		};
		F4E5F7DE2A37EE7A00509EE6 /* Resources */ = {
			isa = PBXResourcesBuildPhase;
			buildActionMask = 2147483647;
			files = (
			);
			runOnlyForDeploymentPostprocessing = 0;
		};
		F4E5F7E82A37EE7A00509EE6 /* Resources */ = {
			isa = PBXResourcesBuildPhase;
			buildActionMask = 2147483647;
			files = (
			);
			runOnlyForDeploymentPostprocessing = 0;
		};
/* End PBXResourcesBuildPhase section */

/* Begin PBXSourcesBuildPhase section */
		F4E5F7C62A37EE7600509EE6 /* Sources */ = {
			isa = PBXSourcesBuildPhase;
			buildActionMask = 2147483647;
			files = (
				F4E5F7FF2A37F29600509EE6 /* StoryViewController.swift in Sources */,
				F48BF9C32A380EEE009D16B6 /* Constants.swift in Sources */,
				F4E5F7D22A37EE7600509EE6 /* HomeViewController.swift in Sources */,
				F4E5F8162A38046500509EE6 /* StoryInfosCell.swift in Sources */,
				F4E5F7CE2A37EE7600509EE6 /* AppDelegate.swift in Sources */,
				F4E5F81C2A38047500509EE6 /* StoryContentCellViewModel.swift in Sources */,
				F4E5F8182A38046A00509EE6 /* StoryInfosCellViewModel.swift in Sources */,
				F4E5F8012A37F30200509EE6 /* HomeViewModel.swift in Sources */,
				F4E5F8122A38045700509EE6 /* HeaderCell.swift in Sources */,
				F4E5F81A2A38046F00509EE6 /* StoryContentCell.swift in Sources */,
				F4E5F80C2A38032400509EE6 /* StoryViewModel.swift in Sources */,
				F4E5F7D02A37EE7600509EE6 /* SceneDelegate.swift in Sources */,
				F4E5F8142A38045E00509EE6 /* HeaderCellViewModel.swift in Sources */,
				F4E5F8082A37F5B500509EE6 /* ContentItemCardCell.swift in Sources */,
				F4E5F8062A37F5B000509EE6 /* ContentItemCardCellViewModel.swift in Sources */,
			);
			runOnlyForDeploymentPostprocessing = 0;
		};
		F4E5F7DC2A37EE7A00509EE6 /* Sources */ = {
			isa = PBXSourcesBuildPhase;
			buildActionMask = 2147483647;
			files = (
				F48BF9C72A381AD3009D16B6 /* StoryInfosCellViewModelTests.swift in Sources */,
				F4E5F7E52A37EE7A00509EE6 /* ContentItemCardCellViewModelTests.swift in Sources */,
				F48BF9C92A381B29009D16B6 /* StoryContentCellViewModelTests.swift in Sources */,
				F48BF9C52A381A14009D16B6 /* HeaderCellViewModelTests.swift in Sources */,
			);
			runOnlyForDeploymentPostprocessing = 0;
		};
		F4E5F7E62A37EE7A00509EE6 /* Sources */ = {
			isa = PBXSourcesBuildPhase;
			buildActionMask = 2147483647;
			files = (
				F4E5F7F12A37EE7A00509EE6 /* EurosportTestUITestsLaunchTests.swift in Sources */,
				F4E5F7EF2A37EE7A00509EE6 /* EurosportTestUITests.swift in Sources */,
			);
			runOnlyForDeploymentPostprocessing = 0;
		};
/* End PBXSourcesBuildPhase section */

/* Begin PBXTargetDependency section */
		F4E5F7E22A37EE7A00509EE6 /* PBXTargetDependency */ = {
			isa = PBXTargetDependency;
			target = F4E5F7C92A37EE7600509EE6 /* EurosportTest */;
			targetProxy = F4E5F7E12A37EE7A00509EE6 /* PBXContainerItemProxy */;
		};
		F4E5F7EC2A37EE7A00509EE6 /* PBXTargetDependency */ = {
			isa = PBXTargetDependency;
			target = F4E5F7C92A37EE7600509EE6 /* EurosportTest */;
			targetProxy = F4E5F7EB2A37EE7A00509EE6 /* PBXContainerItemProxy */;
		};
/* End PBXTargetDependency section */

/* Begin PBXVariantGroup section */
		F4E5F7D82A37EE7900509EE6 /* LaunchScreen.storyboard */ = {
			isa = PBXVariantGroup;
			children = (
				F4E5F7D92A37EE7900509EE6 /* Base */,
			);
			name = LaunchScreen.storyboard;
			sourceTree = "<group>";
		};
/* End PBXVariantGroup section */

/* Begin XCBuildConfiguration section */
		F4E5F7F22A37EE7A00509EE6 /* Debug */ = {
			isa = XCBuildConfiguration;
			buildSettings = {
				ALWAYS_SEARCH_USER_PATHS = NO;
				CLANG_ANALYZER_NONNULL = YES;
				CLANG_ANALYZER_NUMBER_OBJECT_CONVERSION = YES_AGGRESSIVE;
				CLANG_CXX_LANGUAGE_STANDARD = "gnu++20";
				CLANG_ENABLE_MODULES = YES;
				CLANG_ENABLE_OBJC_ARC = YES;
				CLANG_ENABLE_OBJC_WEAK = YES;
				CLANG_WARN_BLOCK_CAPTURE_AUTORELEASING = YES;
				CLANG_WARN_BOOL_CONVERSION = YES;
				CLANG_WARN_COMMA = YES;
				CLANG_WARN_CONSTANT_CONVERSION = YES;
				CLANG_WARN_DEPRECATED_OBJC_IMPLEMENTATIONS = YES;
				CLANG_WARN_DIRECT_OBJC_ISA_USAGE = YES_ERROR;
				CLANG_WARN_DOCUMENTATION_COMMENTS = YES;
				CLANG_WARN_EMPTY_BODY = YES;
				CLANG_WARN_ENUM_CONVERSION = YES;
				CLANG_WARN_INFINITE_RECURSION = YES;
				CLANG_WARN_INT_CONVERSION = YES;
				CLANG_WARN_NON_LITERAL_NULL_CONVERSION = YES;
				CLANG_WARN_OBJC_IMPLICIT_RETAIN_SELF = YES;
				CLANG_WARN_OBJC_LITERAL_CONVERSION = YES;
				CLANG_WARN_OBJC_ROOT_CLASS = YES_ERROR;
				CLANG_WARN_QUOTED_INCLUDE_IN_FRAMEWORK_HEADER = YES;
				CLANG_WARN_RANGE_LOOP_ANALYSIS = YES;
				CLANG_WARN_STRICT_PROTOTYPES = YES;
				CLANG_WARN_SUSPICIOUS_MOVE = YES;
				CLANG_WARN_UNGUARDED_AVAILABILITY = YES_AGGRESSIVE;
				CLANG_WARN_UNREACHABLE_CODE = YES;
				CLANG_WARN__DUPLICATE_METHOD_MATCH = YES;
				COPY_PHASE_STRIP = NO;
				DEBUG_INFORMATION_FORMAT = dwarf;
				ENABLE_STRICT_OBJC_MSGSEND = YES;
				ENABLE_TESTABILITY = YES;
				GCC_C_LANGUAGE_STANDARD = gnu11;
				GCC_DYNAMIC_NO_PIC = NO;
				GCC_NO_COMMON_BLOCKS = YES;
				GCC_OPTIMIZATION_LEVEL = 0;
				GCC_PREPROCESSOR_DEFINITIONS = (
					"DEBUG=1",
					"$(inherited)",
				);
				GCC_WARN_64_TO_32_BIT_CONVERSION = YES;
				GCC_WARN_ABOUT_RETURN_TYPE = YES_ERROR;
				GCC_WARN_UNDECLARED_SELECTOR = YES;
				GCC_WARN_UNINITIALIZED_AUTOS = YES_AGGRESSIVE;
				GCC_WARN_UNUSED_FUNCTION = YES;
				GCC_WARN_UNUSED_VARIABLE = YES;
				IPHONEOS_DEPLOYMENT_TARGET = 14;
				MTL_ENABLE_DEBUG_INFO = INCLUDE_SOURCE;
				MTL_FAST_MATH = YES;
				ONLY_ACTIVE_ARCH = YES;
				SDKROOT = iphoneos;
				SWIFT_ACTIVE_COMPILATION_CONDITIONS = DEBUG;
				SWIFT_OPTIMIZATION_LEVEL = "-Onone";
			};
			name = Debug;
		};
		F4E5F7F32A37EE7A00509EE6 /* Release */ = {
			isa = XCBuildConfiguration;
			buildSettings = {
				ALWAYS_SEARCH_USER_PATHS = NO;
				CLANG_ANALYZER_NONNULL = YES;
				CLANG_ANALYZER_NUMBER_OBJECT_CONVERSION = YES_AGGRESSIVE;
				CLANG_CXX_LANGUAGE_STANDARD = "gnu++20";
				CLANG_ENABLE_MODULES = YES;
				CLANG_ENABLE_OBJC_ARC = YES;
				CLANG_ENABLE_OBJC_WEAK = YES;
				CLANG_WARN_BLOCK_CAPTURE_AUTORELEASING = YES;
				CLANG_WARN_BOOL_CONVERSION = YES;
				CLANG_WARN_COMMA = YES;
				CLANG_WARN_CONSTANT_CONVERSION = YES;
				CLANG_WARN_DEPRECATED_OBJC_IMPLEMENTATIONS = YES;
				CLANG_WARN_DIRECT_OBJC_ISA_USAGE = YES_ERROR;
				CLANG_WARN_DOCUMENTATION_COMMENTS = YES;
				CLANG_WARN_EMPTY_BODY = YES;
				CLANG_WARN_ENUM_CONVERSION = YES;
				CLANG_WARN_INFINITE_RECURSION = YES;
				CLANG_WARN_INT_CONVERSION = YES;
				CLANG_WARN_NON_LITERAL_NULL_CONVERSION = YES;
				CLANG_WARN_OBJC_IMPLICIT_RETAIN_SELF = YES;
				CLANG_WARN_OBJC_LITERAL_CONVERSION = YES;
				CLANG_WARN_OBJC_ROOT_CLASS = YES_ERROR;
				CLANG_WARN_QUOTED_INCLUDE_IN_FRAMEWORK_HEADER = YES;
				CLANG_WARN_RANGE_LOOP_ANALYSIS = YES;
				CLANG_WARN_STRICT_PROTOTYPES = YES;
				CLANG_WARN_SUSPICIOUS_MOVE = YES;
				CLANG_WARN_UNGUARDED_AVAILABILITY = YES_AGGRESSIVE;
				CLANG_WARN_UNREACHABLE_CODE = YES;
				CLANG_WARN__DUPLICATE_METHOD_MATCH = YES;
				COPY_PHASE_STRIP = NO;
				DEBUG_INFORMATION_FORMAT = "dwarf-with-dsym";
				ENABLE_NS_ASSERTIONS = NO;
				ENABLE_STRICT_OBJC_MSGSEND = YES;
				GCC_C_LANGUAGE_STANDARD = gnu11;
				GCC_NO_COMMON_BLOCKS = YES;
				GCC_WARN_64_TO_32_BIT_CONVERSION = YES;
				GCC_WARN_ABOUT_RETURN_TYPE = YES_ERROR;
				GCC_WARN_UNDECLARED_SELECTOR = YES;
				GCC_WARN_UNINITIALIZED_AUTOS = YES_AGGRESSIVE;
				GCC_WARN_UNUSED_FUNCTION = YES;
				GCC_WARN_UNUSED_VARIABLE = YES;
				IPHONEOS_DEPLOYMENT_TARGET = 14;
				MTL_ENABLE_DEBUG_INFO = NO;
				MTL_FAST_MATH = YES;
				SDKROOT = iphoneos;
				SWIFT_COMPILATION_MODE = wholemodule;
				SWIFT_OPTIMIZATION_LEVEL = "-O";
				VALIDATE_PRODUCT = YES;
			};
			name = Release;
		};
		F4E5F7F52A37EE7A00509EE6 /* Debug */ = {
			isa = XCBuildConfiguration;
			buildSettings = {
				ASSETCATALOG_COMPILER_APPICON_NAME = AppIcon;
				ASSETCATALOG_COMPILER_GLOBAL_ACCENT_COLOR_NAME = AccentColor;
				CODE_SIGN_STYLE = Automatic;
				CURRENT_PROJECT_VERSION = 1;
				DEVELOPMENT_TEAM = XA8EHMBH5M;
				GENERATE_INFOPLIST_FILE = YES;
				INFOPLIST_FILE = EurosportTest/Info.plist;
				INFOPLIST_KEY_UIApplicationSupportsIndirectInputEvents = YES;
				INFOPLIST_KEY_UILaunchStoryboardName = LaunchScreen;
				INFOPLIST_KEY_UISupportedInterfaceOrientations_iPad = "UIInterfaceOrientationPortrait UIInterfaceOrientationPortraitUpsideDown UIInterfaceOrientationLandscapeLeft UIInterfaceOrientationLandscapeRight";
				INFOPLIST_KEY_UISupportedInterfaceOrientations_iPhone = "UIInterfaceOrientationPortrait UIInterfaceOrientationLandscapeLeft UIInterfaceOrientationLandscapeRight";
				IPHONEOS_DEPLOYMENT_TARGET = 14;
				LD_RUNPATH_SEARCH_PATHS = (
					"$(inherited)",
					"@executable_path/Frameworks",
				);
				MARKETING_VERSION = 1.0;
				PRODUCT_BUNDLE_IDENTIFIER = com.bmontag.EurosportTest;
				PRODUCT_NAME = "$(TARGET_NAME)";
				SWIFT_EMIT_LOC_STRINGS = YES;
				SWIFT_VERSION = 5.0;
				TARGETED_DEVICE_FAMILY = "1,2";
			};
			name = Debug;
		};
		F4E5F7F62A37EE7A00509EE6 /* Release */ = {
			isa = XCBuildConfiguration;
			buildSettings = {
				ASSETCATALOG_COMPILER_APPICON_NAME = AppIcon;
				ASSETCATALOG_COMPILER_GLOBAL_ACCENT_COLOR_NAME = AccentColor;
				CODE_SIGN_STYLE = Automatic;
				CURRENT_PROJECT_VERSION = 1;
				DEVELOPMENT_TEAM = XA8EHMBH5M;
				GENERATE_INFOPLIST_FILE = YES;
				INFOPLIST_FILE = EurosportTest/Info.plist;
				INFOPLIST_KEY_UIApplicationSupportsIndirectInputEvents = YES;
				INFOPLIST_KEY_UILaunchStoryboardName = LaunchScreen;
				INFOPLIST_KEY_UISupportedInterfaceOrientations_iPad = "UIInterfaceOrientationPortrait UIInterfaceOrientationPortraitUpsideDown UIInterfaceOrientationLandscapeLeft UIInterfaceOrientationLandscapeRight";
				INFOPLIST_KEY_UISupportedInterfaceOrientations_iPhone = "UIInterfaceOrientationPortrait UIInterfaceOrientationLandscapeLeft UIInterfaceOrientationLandscapeRight";
				IPHONEOS_DEPLOYMENT_TARGET = 14;
				LD_RUNPATH_SEARCH_PATHS = (
					"$(inherited)",
					"@executable_path/Frameworks",
				);
				MARKETING_VERSION = 1.0;
				PRODUCT_BUNDLE_IDENTIFIER = com.bmontag.EurosportTest;
				PRODUCT_NAME = "$(TARGET_NAME)";
				SWIFT_EMIT_LOC_STRINGS = YES;
				SWIFT_VERSION = 5.0;
				TARGETED_DEVICE_FAMILY = "1,2";
			};
			name = Release;
		};
		F4E5F7F82A37EE7A00509EE6 /* Debug */ = {
			isa = XCBuildConfiguration;
			buildSettings = {
				ALWAYS_EMBED_SWIFT_STANDARD_LIBRARIES = YES;
				BUNDLE_LOADER = "$(TEST_HOST)";
				CODE_SIGN_STYLE = Automatic;
				CURRENT_PROJECT_VERSION = 1;
				DEVELOPMENT_TEAM = XA8EHMBH5M;
				GENERATE_INFOPLIST_FILE = YES;
				IPHONEOS_DEPLOYMENT_TARGET = 16.4;
				MARKETING_VERSION = 1.0;
				PRODUCT_BUNDLE_IDENTIFIER = com.bmontag.EurosportTestTests;
				PRODUCT_NAME = "$(TARGET_NAME)";
				SWIFT_EMIT_LOC_STRINGS = NO;
				SWIFT_VERSION = 5.0;
				TARGETED_DEVICE_FAMILY = "1,2";
				TEST_HOST = "$(BUILT_PRODUCTS_DIR)/EurosportTest.app/$(BUNDLE_EXECUTABLE_FOLDER_PATH)/EurosportTest";
			};
			name = Debug;
		};
		F4E5F7F92A37EE7A00509EE6 /* Release */ = {
			isa = XCBuildConfiguration;
			buildSettings = {
				ALWAYS_EMBED_SWIFT_STANDARD_LIBRARIES = YES;
				BUNDLE_LOADER = "$(TEST_HOST)";
				CODE_SIGN_STYLE = Automatic;
				CURRENT_PROJECT_VERSION = 1;
				DEVELOPMENT_TEAM = XA8EHMBH5M;
				GENERATE_INFOPLIST_FILE = YES;
				IPHONEOS_DEPLOYMENT_TARGET = 16.4;
				MARKETING_VERSION = 1.0;
				PRODUCT_BUNDLE_IDENTIFIER = com.bmontag.EurosportTestTests;
				PRODUCT_NAME = "$(TARGET_NAME)";
				SWIFT_EMIT_LOC_STRINGS = NO;
				SWIFT_VERSION = 5.0;
				TARGETED_DEVICE_FAMILY = "1,2";
				TEST_HOST = "$(BUILT_PRODUCTS_DIR)/EurosportTest.app/$(BUNDLE_EXECUTABLE_FOLDER_PATH)/EurosportTest";
			};
			name = Release;
		};
		F4E5F7FB2A37EE7A00509EE6 /* Debug */ = {
			isa = XCBuildConfiguration;
			buildSettings = {
				ALWAYS_EMBED_SWIFT_STANDARD_LIBRARIES = YES;
				CODE_SIGN_STYLE = Automatic;
				CURRENT_PROJECT_VERSION = 1;
				DEVELOPMENT_TEAM = XA8EHMBH5M;
				GENERATE_INFOPLIST_FILE = YES;
				MARKETING_VERSION = 1.0;
				PRODUCT_BUNDLE_IDENTIFIER = com.bmontag.EurosportTestUITests;
				PRODUCT_NAME = "$(TARGET_NAME)";
				SWIFT_EMIT_LOC_STRINGS = NO;
				SWIFT_VERSION = 5.0;
				TARGETED_DEVICE_FAMILY = "1,2";
				TEST_TARGET_NAME = EurosportTest;
			};
			name = Debug;
		};
		F4E5F7FC2A37EE7A00509EE6 /* Release */ = {
			isa = XCBuildConfiguration;
			buildSettings = {
				ALWAYS_EMBED_SWIFT_STANDARD_LIBRARIES = YES;
				CODE_SIGN_STYLE = Automatic;
				CURRENT_PROJECT_VERSION = 1;
				DEVELOPMENT_TEAM = XA8EHMBH5M;
				GENERATE_INFOPLIST_FILE = YES;
				MARKETING_VERSION = 1.0;
				PRODUCT_BUNDLE_IDENTIFIER = com.bmontag.EurosportTestUITests;
				PRODUCT_NAME = "$(TARGET_NAME)";
				SWIFT_EMIT_LOC_STRINGS = NO;
				SWIFT_VERSION = 5.0;
				TARGETED_DEVICE_FAMILY = "1,2";
				TEST_TARGET_NAME = EurosportTest;
			};
			name = Release;
		};
/* End XCBuildConfiguration section */

/* Begin XCConfigurationList section */
		F4E5F7C52A37EE7600509EE6 /* Build configuration list for PBXProject "EurosportTest" */ = {
			isa = XCConfigurationList;
			buildConfigurations = (
				F4E5F7F22A37EE7A00509EE6 /* Debug */,
				F4E5F7F32A37EE7A00509EE6 /* Release */,
			);
			defaultConfigurationIsVisible = 0;
			defaultConfigurationName = Release;
		};
		F4E5F7F42A37EE7A00509EE6 /* Build configuration list for PBXNativeTarget "EurosportTest" */ = {
			isa = XCConfigurationList;
			buildConfigurations = (
				F4E5F7F52A37EE7A00509EE6 /* Debug */,
				F4E5F7F62A37EE7A00509EE6 /* Release */,
			);
			defaultConfigurationIsVisible = 0;
			defaultConfigurationName = Release;
		};
		F4E5F7F72A37EE7A00509EE6 /* Build configuration list for PBXNativeTarget "EurosportTestTests" */ = {
			isa = XCConfigurationList;
			buildConfigurations = (
				F4E5F7F82A37EE7A00509EE6 /* Debug */,
				F4E5F7F92A37EE7A00509EE6 /* Release */,
			);
			defaultConfigurationIsVisible = 0;
			defaultConfigurationName = Release;
		};
		F4E5F7FA2A37EE7A00509EE6 /* Build configuration list for PBXNativeTarget "EurosportTestUITests" */ = {
			isa = XCConfigurationList;
			buildConfigurations = (
				F4E5F7FB2A37EE7A00509EE6 /* Debug */,
				F4E5F7FC2A37EE7A00509EE6 /* Release */,
			);
			defaultConfigurationIsVisible = 0;
			defaultConfigurationName = Release;
		};
/* End XCConfigurationList section */

/* Begin XCSwiftPackageProductDependency section */
		F4E5F8032A37F40000509EE6 /* EurosportKit */ = {
			isa = XCSwiftPackageProductDependency;
			productName = EurosportKit;
		};
/* End XCSwiftPackageProductDependency section */
	};
	rootObject = F4E5F7C22A37EE7600509EE6 /* Project object */;
}
